
Microsoft Visual Studio Solution File, Format Version 12.00
# Visual Studio 15
VisualStudioVersion = 15.0.28307.168
MinimumVisualStudioVersion = 10.0.40219.1
Project("{FAE04EC0-301F-11D3-BF4B-00C04F79EFBC}") = "SalonSamochodowy.Lib", "SalonSamochodowy\SalonSamochodowy.Lib.csproj", "{C3E85AC5-13DF-43DC-B503-1BEF6D71DC10}"
EndProject
Project("{FAE04EC0-301F-11D3-BF4B-00C04F79EFBC}") = "SalonSamochodowy.Dane", "SalonSamochodowy.Dane\SalonSamochodowy.Dane.csproj", "{4D1C7574-C221-4FFB-9E99-AF28DC5BF2BD}"
EndProject
Project("{FAE04EC0-301F-11D3-BF4B-00C04F79EFBC}") = "SalonSamochodowy.App", "SalonSamochodowy.App\SalonSamochodowy.App.csproj", "{9B3613C2-22DA-4FBF-8494-4EF57DBE5E8C}"
EndProject
Global
	GlobalSection(SolutionConfigurationPlatforms) = preSolution
		Debug|Any CPU = Debug|Any CPU
		Release|Any CPU = Release|Any CPU
	EndGlobalSection
	GlobalSection(ProjectConfigurationPlatforms) = postSolution
		{C3E85AC5-13DF-43DC-B503-1BEF6D71DC10}.Debug|Any CPU.ActiveCfg = Debug|Any CPU
		{C3E85AC5-13DF-43DC-B503-1BEF6D71DC10}.Debug|Any CPU.Build.0 = Debug|Any CPU
		{C3E85AC5-13DF-43DC-B503-1BEF6D71DC10}.Release|Any CPU.ActiveCfg = Release|Any CPU
		{C3E85AC5-13DF-43DC-B503-1BEF6D71DC10}.Release|Any CPU.Build.0 = Release|Any CPU
		{4D1C7574-C221-4FFB-9E99-AF28DC5BF2BD}.Debug|Any CPU.ActiveCfg = Debug|Any CPU
		{4D1C7574-C221-4FFB-9E99-AF28DC5BF2BD}.Debug|Any CPU.Build.0 = Debug|Any CPU
		{4D1C7574-C221-4FFB-9E99-AF28DC5BF2BD}.Release|Any CPU.ActiveCfg = Release|Any CPU
		{4D1C7574-C221-4FFB-9E99-AF28DC5BF2BD}.Release|Any CPU.Build.0 = Release|Any CPU
		{9B3613C2-22DA-4FBF-8494-4EF57DBE5E8C}.Debug|Any CPU.ActiveCfg = Debug|Any CPU
		{9B3613C2-22DA-4FBF-8494-4EF57DBE5E8C}.Debug|Any CPU.Build.0 = Debug|Any CPU
		{9B3613C2-22DA-4FBF-8494-4EF57DBE5E8C}.Release|Any CPU.ActiveCfg = Release|Any CPU
		{9B3613C2-22DA-4FBF-8494-4EF57DBE5E8C}.Release|Any CPU.Build.0 = Release|Any CPU
	EndGlobalSection
	GlobalSection(SolutionProperties) = preSolution
		HideSolutionNode = FALSE
	EndGlobalSection
	GlobalSection(ExtensibilityGlobals) = postSolution
		SolutionGuid = {3C607B28-B092-44C8-B129-6FFF0C49F8C6}
	EndGlobalSection
EndGlobal
